
Microsoft Visual Studio Solution File, Format Version 12.00
# Visual Studio Version 16
VisualStudioVersion = 16.0.29102.190
MinimumVisualStudioVersion = 10.0.40219.1
Project("{FAE04EC0-301F-11D3-BF4B-00C04F79EFBC}") = "SimpleCacheWithRedis", "SimpleCacheWithRedis\SimpleCacheWithRedis.csproj", "{D54DF914-68D6-4329-B64A-3A8692356771}"
EndProject
Global
	GlobalSection(SolutionConfigurationPlatforms) = preSolution
		Debug|Any CPU = Debug|Any CPU
		Release|Any CPU = Release|Any CPU
	EndGlobalSection
	GlobalSection(ProjectConfigurationPlatforms) = postSolution
		{D54DF914-68D6-4329-B64A-3A8692356771}.Debug|Any CPU.ActiveCfg = Debug|Any CPU
		{D54DF914-68D6-4329-B64A-3A8692356771}.Debug|Any CPU.Build.0 = Debug|Any CPU
		{D54DF914-68D6-4329-B64A-3A8692356771}.Release|Any CPU.ActiveCfg = Release|Any CPU
		{D54DF914-68D6-4329-B64A-3A8692356771}.Release|Any CPU.Build.0 = Release|Any CPU
	EndGlobalSection
	GlobalSection(SolutionProperties) = preSolution
		HideSolutionNode = FALSE
	EndGlobalSection
	GlobalSection(ExtensibilityGlobals) = postSolution
		SolutionGuid = {0852C51F-D2B1-4479-8BF7-1C843DC3D7B6}
	EndGlobalSection
EndGlobal
